
Microsoft Visual Studio Solution File, Format Version 12.00
# Visual Studio Version 16
VisualStudioVersion = 16.0.32106.194
MinimumVisualStudioVersion = 10.0.40219.1
Project("{8BC9CEB8-8B4A-11D0-8D11-00A0C91BC942}") = "ConsoleApplication13", "ConsoleApplication13\ConsoleApplication13.vcxproj", "{7208219B-ADE7-450E-A1F3-CF538CC598A6}"
EndProject
Global
	GlobalSection(SolutionConfigurationPlatforms) = preSolution
		Debug|x64 = Debug|x64
		Debug|x86 = Debug|x86
		Release|x64 = Release|x64
		Release|x86 = Release|x86
	EndGlobalSection
	GlobalSection(ProjectConfigurationPlatforms) = postSolution
		{7208219B-ADE7-450E-A1F3-CF538CC598A6}.Debug|x64.ActiveCfg = Debug|x64
		{7208219B-ADE7-450E-A1F3-CF538CC598A6}.Debug|x64.Build.0 = Debug|x64
		{7208219B-ADE7-450E-A1F3-CF538CC598A6}.Debug|x86.ActiveCfg = Debug|Win32
		{7208219B-ADE7-450E-A1F3-CF538CC598A6}.Debug|x86.Build.0 = Debug|Win32
		{7208219B-ADE7-450E-A1F3-CF538CC598A6}.Release|x64.ActiveCfg = Release|x64
		{7208219B-ADE7-450E-A1F3-CF538CC598A6}.Release|x64.Build.0 = Release|x64
		{7208219B-ADE7-450E-A1F3-CF538CC598A6}.Release|x86.ActiveCfg = Release|Win32
		{7208219B-ADE7-450E-A1F3-CF538CC598A6}.Release|x86.Build.0 = Release|Win32
	EndGlobalSection
	GlobalSection(SolutionProperties) = preSolution
		HideSolutionNode = FALSE
	EndGlobalSection
	GlobalSection(ExtensibilityGlobals) = postSolution
		SolutionGuid = {F047CD19-4ABA-46D8-9128-D0A90A4B0D0B}
	EndGlobalSection
EndGlobal
